
Microsoft Visual Studio Solution File, Format Version 12.00
# Visual Studio Version 17
VisualStudioVersion = 17.0.31903.59
MinimumVisualStudioVersion = 10.0.40219.1
Project("{FAE04EC0-301F-11D3-BF4B-00C04F79EFBC}") = "TaskManagementSystem.Domain", "TaskManagementSystem.Domain\TaskManagementSystem.Domain.csproj", "{25BCDA52-541F-4B3B-98F8-3848ED09F42D}"
EndProject
Project("{FAE04EC0-301F-11D3-BF4B-00C04F79EFBC}") = "TaskManagementSystem.Application", "TaskManagementSystem.Application\TaskManagementSystem.Application.csproj", "{AF0204A5-7243-4576-87DF-DB5C6EE17A9A}"
EndProject
Project("{FAE04EC0-301F-11D3-BF4B-00C04F79EFBC}") = "TaskManagementSystem.Persistence", "TaskManagementSystem.Persistence\TaskManagementSystem.Persistence.csproj", "{DA443CAB-D199-46BF-AABC-A336852200B7}"
EndProject
Project("{FAE04EC0-301F-11D3-BF4B-00C04F79EFBC}") = "TaskManagementSystem.Api", "TaskManagementSystem.Api\TaskManagementSystem.Api.csproj", "{C08EC8C1-7794-42F6-BBBB-06F4CDC24A29}"
EndProject
Global
	GlobalSection(SolutionConfigurationPlatforms) = preSolution
		Debug|Any CPU = Debug|Any CPU
		Release|Any CPU = Release|Any CPU
	EndGlobalSection
	GlobalSection(SolutionProperties) = preSolution
		HideSolutionNode = FALSE
	EndGlobalSection
	GlobalSection(ProjectConfigurationPlatforms) = postSolution
		{25BCDA52-541F-4B3B-98F8-3848ED09F42D}.Debug|Any CPU.ActiveCfg = Debug|Any CPU
		{25BCDA52-541F-4B3B-98F8-3848ED09F42D}.Debug|Any CPU.Build.0 = Debug|Any CPU
		{25BCDA52-541F-4B3B-98F8-3848ED09F42D}.Release|Any CPU.ActiveCfg = Release|Any CPU
		{25BCDA52-541F-4B3B-98F8-3848ED09F42D}.Release|Any CPU.Build.0 = Release|Any CPU
		{AF0204A5-7243-4576-87DF-DB5C6EE17A9A}.Debug|Any CPU.ActiveCfg = Debug|Any CPU
		{AF0204A5-7243-4576-87DF-DB5C6EE17A9A}.Debug|Any CPU.Build.0 = Debug|Any CPU
		{AF0204A5-7243-4576-87DF-DB5C6EE17A9A}.Release|Any CPU.ActiveCfg = Release|Any CPU
		{AF0204A5-7243-4576-87DF-DB5C6EE17A9A}.Release|Any CPU.Build.0 = Release|Any CPU
		{DA443CAB-D199-46BF-AABC-A336852200B7}.Debug|Any CPU.ActiveCfg = Debug|Any CPU
		{DA443CAB-D199-46BF-AABC-A336852200B7}.Debug|Any CPU.Build.0 = Debug|Any CPU
		{DA443CAB-D199-46BF-AABC-A336852200B7}.Release|Any CPU.ActiveCfg = Release|Any CPU
		{DA443CAB-D199-46BF-AABC-A336852200B7}.Release|Any CPU.Build.0 = Release|Any CPU
		{C08EC8C1-7794-42F6-BBBB-06F4CDC24A29}.Debug|Any CPU.ActiveCfg = Debug|Any CPU
		{C08EC8C1-7794-42F6-BBBB-06F4CDC24A29}.Debug|Any CPU.Build.0 = Debug|Any CPU
		{C08EC8C1-7794-42F6-BBBB-06F4CDC24A29}.Release|Any CPU.ActiveCfg = Release|Any CPU
		{C08EC8C1-7794-42F6-BBBB-06F4CDC24A29}.Release|Any CPU.Build.0 = Release|Any CPU
	EndGlobalSection
EndGlobal
